
Microsoft Visual Studio Solution File, Format Version 12.00
# Visual Studio Version 17
VisualStudioVersion = 17.13.35919.96 d17.13
MinimumVisualStudioVersion = 10.0.40219.1
Project("{FAE04EC0-301F-11D3-BF4B-00C04F79EFBC}") = "HotelServer", "HotelServer\HotelServer.csproj", "{05452B50-0D7C-4F45-B0F4-F1828AA03636}"
EndProject
Project("{FAE04EC0-301F-11D3-BF4B-00C04F79EFBC}") = "HotelClient", "HotelClient\HotelClient.csproj", "{7CA2E48E-26EE-43F0-8ABE-29E41B1503EC}"
EndProject
Global
	GlobalSection(SolutionConfigurationPlatforms) = preSolution
		Debug|Any CPU = Debug|Any CPU
		Release|Any CPU = Release|Any CPU
	EndGlobalSection
	GlobalSection(ProjectConfigurationPlatforms) = postSolution
		{05452B50-0D7C-4F45-B0F4-F1828AA03636}.Debug|Any CPU.ActiveCfg = Debug|Any CPU
		{05452B50-0D7C-4F45-B0F4-F1828AA03636}.Debug|Any CPU.Build.0 = Debug|Any CPU
		{05452B50-0D7C-4F45-B0F4-F1828AA03636}.Release|Any CPU.ActiveCfg = Release|Any CPU
		{05452B50-0D7C-4F45-B0F4-F1828AA03636}.Release|Any CPU.Build.0 = Release|Any CPU
		{7CA2E48E-26EE-43F0-8ABE-29E41B1503EC}.Debug|Any CPU.ActiveCfg = Debug|Any CPU
		{7CA2E48E-26EE-43F0-8ABE-29E41B1503EC}.Debug|Any CPU.Build.0 = Debug|Any CPU
		{7CA2E48E-26EE-43F0-8ABE-29E41B1503EC}.Release|Any CPU.ActiveCfg = Release|Any CPU
		{7CA2E48E-26EE-43F0-8ABE-29E41B1503EC}.Release|Any CPU.Build.0 = Release|Any CPU
	EndGlobalSection
	GlobalSection(SolutionProperties) = preSolution
		HideSolutionNode = FALSE
	EndGlobalSection
	GlobalSection(ExtensibilityGlobals) = postSolution
		SolutionGuid = {F320772C-44B7-4D3A-AD63-008794F0C279}
	EndGlobalSection
EndGlobal
